
Microsoft Visual Studio Solution File, Format Version 12.00
# Visual Studio Version 17
VisualStudioVersion = 17.10.35004.147
MinimumVisualStudioVersion = 10.0.40219.1
Project("{FAE04EC0-301F-11D3-BF4B-00C04F79EFBC}") = "MarkovTest", "MarkovTest\MarkovTest.csproj", "{D167BD9E-8098-4148-A948-FACB397F6087}"
EndProject
Global
	GlobalSection(SolutionConfigurationPlatforms) = preSolution
		Debug|Any CPU = Debug|Any CPU
		Release|Any CPU = Release|Any CPU
	EndGlobalSection
	GlobalSection(ProjectConfigurationPlatforms) = postSolution
		{D167BD9E-8098-4148-A948-FACB397F6087}.Debug|Any CPU.ActiveCfg = Debug|Any CPU
		{D167BD9E-8098-4148-A948-FACB397F6087}.Debug|Any CPU.Build.0 = Debug|Any CPU
		{D167BD9E-8098-4148-A948-FACB397F6087}.Release|Any CPU.ActiveCfg = Release|Any CPU
		{D167BD9E-8098-4148-A948-FACB397F6087}.Release|Any CPU.Build.0 = Release|Any CPU
	EndGlobalSection
	GlobalSection(SolutionProperties) = preSolution
		HideSolutionNode = FALSE
	EndGlobalSection
	GlobalSection(ExtensibilityGlobals) = postSolution
		SolutionGuid = {ADF1C09B-2F80-423D-B226-A5BF9C9358E1}
	EndGlobalSection
EndGlobal
